
Microsoft Visual Studio Solution File, Format Version 12.00
# Visual Studio Version 16
VisualStudioVersion = 16.0.31829.152
MinimumVisualStudioVersion = 10.0.40219.1
Project("{FAE04EC0-301F-11D3-BF4B-00C04F79EFBC}") = "FileTransform", "FileTransform.csproj", "{3830CF06-5467-47CC-8D00-751836B78A11}"
EndProject
Global
	GlobalSection(SolutionConfigurationPlatforms) = preSolution
		Debug|Any CPU = Debug|Any CPU
		Release|Any CPU = Release|Any CPU
	EndGlobalSection
	GlobalSection(ProjectConfigurationPlatforms) = postSolution
		{3830CF06-5467-47CC-8D00-751836B78A11}.Debug|Any CPU.ActiveCfg = Debug|Any CPU
		{3830CF06-5467-47CC-8D00-751836B78A11}.Debug|Any CPU.Build.0 = Debug|Any CPU
		{3830CF06-5467-47CC-8D00-751836B78A11}.Release|Any CPU.ActiveCfg = Release|Any CPU
		{3830CF06-5467-47CC-8D00-751836B78A11}.Release|Any CPU.Build.0 = Release|Any CPU
	EndGlobalSection
	GlobalSection(SolutionProperties) = preSolution
		HideSolutionNode = FALSE
	EndGlobalSection
	GlobalSection(ExtensibilityGlobals) = postSolution
		SolutionGuid = {BC1E3697-F33C-4858-995E-EF116264ECC7}
	EndGlobalSection
EndGlobal
